// !$*UTF8*$!
{
	archiveVersion = 1;
	classes = {
	};
	objectVersion = 46;
	objects = {

/* Begin PBXBuildFile section */
		BF3201EF1C0D075700A3E2B4 /* Guest+CoreDataProperties.m in Sources */ = {isa = PBXBuildFile; fileRef = BF3201E01C0D075700A3E2B4 /* Guest+CoreDataProperties.m */; };
		BF3201F01C0D075700A3E2B4 /* Guest.m in Sources */ = {isa = PBXBuildFile; fileRef = BF3201E21C0D075700A3E2B4 /* Guest.m */; };
		BF3201F11C0D075700A3E2B4 /* Hotel+CoreDataProperties.m in Sources */ = {isa = PBXBuildFile; fileRef = BF3201E41C0D075700A3E2B4 /* Hotel+CoreDataProperties.m */; };
		BF3201F21C0D075700A3E2B4 /* Hotel.m in Sources */ = {isa = PBXBuildFile; fileRef = BF3201E61C0D075700A3E2B4 /* Hotel.m */; };
		BF3201F31C0D075700A3E2B4 /* Room+CoreDataProperties.m in Sources */ = {isa = PBXBuildFile; fileRef = BF3201E81C0D075700A3E2B4 /* Room+CoreDataProperties.m */; };
		BF3201F41C0D075700A3E2B4 /* Room.m in Sources */ = {isa = PBXBuildFile; fileRef = BF3201EA1C0D075700A3E2B4 /* Room.m */; };
		BF3201F51C0D075700A3E2B4 /* Reservation+CoreDataProperties.m in Sources */ = {isa = PBXBuildFile; fileRef = BF3201EC1C0D075700A3E2B4 /* Reservation+CoreDataProperties.m */; };
		BF3201F61C0D075700A3E2B4 /* Reservation.m in Sources */ = {isa = PBXBuildFile; fileRef = BF3201EE1C0D075700A3E2B4 /* Reservation.m */; };
		BF3201FC1C0D1C5700A3E2B4 /* HotelsViewController.m in Sources */ = {isa = PBXBuildFile; fileRef = BF3201FB1C0D1C5700A3E2B4 /* HotelsViewController.m */; };
		BF3201FF1C0D2B2800A3E2B4 /* RoomsViewController.m in Sources */ = {isa = PBXBuildFile; fileRef = BF3201FE1C0D2B2800A3E2B4 /* RoomsViewController.m */; };
		BF3202011C0D37C400A3E2B4 /* hotels.json in Resources */ = {isa = PBXBuildFile; fileRef = BF3202001C0D37C400A3E2B4 /* hotels.json */; };
		BF68FFE51C0FA84900D08055 /* LookUpViewController.m in Sources */ = {isa = PBXBuildFile; fileRef = BF68FFE41C0FA84900D08055 /* LookUpViewController.m */; };
		BF68FFE91C0FCACA00D08055 /* NSObject+CoreDataStack.m in Sources */ = {isa = PBXBuildFile; fileRef = BF68FFE81C0FCACA00D08055 /* NSObject+CoreDataStack.m */; };
		BF68FFED1C0FD37100D08055 /* CoreDataStack.m in Sources */ = {isa = PBXBuildFile; fileRef = BF68FFEC1C0FD37100D08055 /* CoreDataStack.m */; };
		BF7E826D1C0E497C00FEC139 /* DateViewController.m in Sources */ = {isa = PBXBuildFile; fileRef = BF7E826C1C0E497C00FEC139 /* DateViewController.m */; };
		BF7E82701C0E5B9400FEC139 /* AvailabilityViewController.m in Sources */ = {isa = PBXBuildFile; fileRef = BF7E826F1C0E5B9400FEC139 /* AvailabilityViewController.m */; };
		BF7E82731C0E5C7300FEC139 /* BookViewController.m in Sources */ = {isa = PBXBuildFile; fileRef = BF7E82721C0E5C7300FEC139 /* BookViewController.m */; };
		BF7E827C1C0E66AF00FEC139 /* NSObject+NSmanagedObjectContext_Category.m in Sources */ = {isa = PBXBuildFile; fileRef = BF7E827B1C0E66AF00FEC139 /* NSObject+NSmanagedObjectContext_Category.m */; };
		BFCCBB7E1C0CF5A3002419AB /* main.m in Sources */ = {isa = PBXBuildFile; fileRef = BFCCBB7D1C0CF5A3002419AB /* main.m */; };
		BFCCBB811C0CF5A3002419AB /* AppDelegate.m in Sources */ = {isa = PBXBuildFile; fileRef = BFCCBB801C0CF5A3002419AB /* AppDelegate.m */; };
		BFCCBB841C0CF5A3002419AB /* ViewController.m in Sources */ = {isa = PBXBuildFile; fileRef = BFCCBB831C0CF5A3002419AB /* ViewController.m */; };
		BFCCBB8A1C0CF5A3002419AB /* HotelManager.xcdatamodeld in Sources */ = {isa = PBXBuildFile; fileRef = BFCCBB881C0CF5A3002419AB /* HotelManager.xcdatamodeld */; };
		BFCCBB8C1C0CF5A3002419AB /* Assets.xcassets in Resources */ = {isa = PBXBuildFile; fileRef = BFCCBB8B1C0CF5A3002419AB /* Assets.xcassets */; };
		BFCCBB8F1C0CF5A3002419AB /* LaunchScreen.storyboard in Resources */ = {isa = PBXBuildFile; fileRef = BFCCBB8D1C0CF5A3002419AB /* LaunchScreen.storyboard */; };
		BFCCBB9A1C0CF5A3002419AB /* HotelManagerTests.m in Sources */ = {isa = PBXBuildFile; fileRef = BFCCBB991C0CF5A3002419AB /* HotelManagerTests.m */; };
		BFCCBBA51C0CF5A3002419AB /* HotelManagerUITests.m in Sources */ = {isa = PBXBuildFile; fileRef = BFCCBBA41C0CF5A3002419AB /* HotelManagerUITests.m */; };
/* End PBXBuildFile section */

/* Begin PBXContainerItemProxy section */
		BFCCBB961C0CF5A3002419AB /* PBXContainerItemProxy */ = {
			isa = PBXContainerItemProxy;
			containerPortal = BFCCBB711C0CF5A3002419AB /* Project object */;
			proxyType = 1;
			remoteGlobalIDString = BFCCBB781C0CF5A3002419AB;
			remoteInfo = HotelManager;
		};
		BFCCBBA11C0CF5A3002419AB /* PBXContainerItemProxy */ = {
			isa = PBXContainerItemProxy;
			containerPortal = BFCCBB711C0CF5A3002419AB /* Project object */;
			proxyType = 1;
			remoteGlobalIDString = BFCCBB781C0CF5A3002419AB;
			remoteInfo = HotelManager;
		};
/* End PBXContainerItemProxy section */

/* Begin PBXFileReference section */
		BF3201DF1C0D075700A3E2B4 /* Guest+CoreDataProperties.h */ = {isa = PBXFileReference; fileEncoding = 4; lastKnownFileType = sourcecode.c.h; path = "Guest+CoreDataProperties.h"; sourceTree = "<group>"; };
		BF3201E01C0D075700A3E2B4 /* Guest+CoreDataProperties.m */ = {isa = PBXFileReference; fileEncoding = 4; lastKnownFileType = sourcecode.c.objc; path = "Guest+CoreDataProperties.m"; sourceTree = "<group>"; };
		BF3201E11C0D075700A3E2B4 /* Guest.h */ = {isa = PBXFileReference; fileEncoding = 4; lastKnownFileType = sourcecode.c.h; path = Guest.h; sourceTree = "<group>"; };
		BF3201E21C0D075700A3E2B4 /* Guest.m */ = {isa = PBXFileReference; fileEncoding = 4; lastKnownFileType = sourcecode.c.objc; path = Guest.m; sourceTree = "<group>"; };
		BF3201E31C0D075700A3E2B4 /* Hotel+CoreDataProperties.h */ = {isa = PBXFileReference; fileEncoding = 4; lastKnownFileType = sourcecode.c.h; path = "Hotel+CoreDataProperties.h"; sourceTree = "<group>"; };
		BF3201E41C0D075700A3E2B4 /* Hotel+CoreDataProperties.m */ = {isa = PBXFileReference; fileEncoding = 4; lastKnownFileType = sourcecode.c.objc; path = "Hotel+CoreDataProperties.m"; sourceTree = "<group>"; };
		BF3201E51C0D075700A3E2B4 /* Hotel.h */ = {isa = PBXFileReference; fileEncoding = 4; lastKnownFileType = sourcecode.c.h; path = Hotel.h; sourceTree = "<group>"; };
		BF3201E61C0D075700A3E2B4 /* Hotel.m */ = {isa = PBXFileReference; fileEncoding = 4; lastKnownFileType = sourcecode.c.objc; path = Hotel.m; sourceTree = "<group>"; };
		BF3201E71C0D075700A3E2B4 /* Room+CoreDataProperties.h */ = {isa = PBXFileReference; fileEncoding = 4; lastKnownFileType = sourcecode.c.h; path = "Room+CoreDataProperties.h"; sourceTree = "<group>"; };
		BF3201E81C0D075700A3E2B4 /* Room+CoreDataProperties.m */ = {isa = PBXFileReference; fileEncoding = 4; lastKnownFileType = sourcecode.c.objc; path = "Room+CoreDataProperties.m"; sourceTree = "<group>"; };
		BF3201E91C0D075700A3E2B4 /* Room.h */ = {isa = PBXFileReference; fileEncoding = 4; lastKnownFileType = sourcecode.c.h; path = Room.h; sourceTree = "<group>"; };
		BF3201EA1C0D075700A3E2B4 /* Room.m */ = {isa = PBXFileReference; fileEncoding = 4; lastKnownFileType = sourcecode.c.objc; path = Room.m; sourceTree = "<group>"; };
		BF3201EB1C0D075700A3E2B4 /* Reservation+CoreDataProperties.h */ = {isa = PBXFileReference; fileEncoding = 4; lastKnownFileType = sourcecode.c.h; path = "Reservation+CoreDataProperties.h"; sourceTree = "<group>"; };
		BF3201EC1C0D075700A3E2B4 /* Reservation+CoreDataProperties.m */ = {isa = PBXFileReference; fileEncoding = 4; lastKnownFileType = sourcecode.c.objc; path = "Reservation+CoreDataProperties.m"; sourceTree = "<group>"; };
		BF3201ED1C0D075700A3E2B4 /* Reservation.h */ = {isa = PBXFileReference; fileEncoding = 4; lastKnownFileType = sourcecode.c.h; path = Reservation.h; sourceTree = "<group>"; };
		BF3201EE1C0D075700A3E2B4 /* Reservation.m */ = {isa = PBXFileReference; fileEncoding = 4; lastKnownFileType = sourcecode.c.objc; path = Reservation.m; sourceTree = "<group>"; };
		BF3201FA1C0D1C5700A3E2B4 /* HotelsViewController.h */ = {isa = PBXFileReference; fileEncoding = 4; lastKnownFileType = sourcecode.c.h; path = HotelsViewController.h; sourceTree = "<group>"; };
		BF3201FB1C0D1C5700A3E2B4 /* HotelsViewController.m */ = {isa = PBXFileReference; fileEncoding = 4; lastKnownFileType = sourcecode.c.objc; path = HotelsViewController.m; sourceTree = "<group>"; };
		BF3201FD1C0D2B2800A3E2B4 /* RoomsViewController.h */ = {isa = PBXFileReference; fileEncoding = 4; lastKnownFileType = sourcecode.c.h; path = RoomsViewController.h; sourceTree = "<group>"; };
		BF3201FE1C0D2B2800A3E2B4 /* RoomsViewController.m */ = {isa = PBXFileReference; fileEncoding = 4; lastKnownFileType = sourcecode.c.objc; path = RoomsViewController.m; sourceTree = "<group>"; };
		BF3202001C0D37C400A3E2B4 /* hotels.json */ = {isa = PBXFileReference; fileEncoding = 4; lastKnownFileType = text.json; path = hotels.json; sourceTree = "<group>"; };
		BF47CC741C1CE8FB00E4208F /* es */ = {isa = PBXFileReference; lastKnownFileType = text.plist.strings; name = es; path = es.lproj/LaunchScreen.strings; sourceTree = "<group>"; };
		BF47CC751C1CE90900E4208F /* pt-BR */ = {isa = PBXFileReference; lastKnownFileType = text.plist.strings; name = "pt-BR"; path = "pt-BR.lproj/LaunchScreen.strings"; sourceTree = "<group>"; };
		BF47CC761C1CE91D00E4208F /* it */ = {isa = PBXFileReference; lastKnownFileType = text.plist.strings; name = it; path = it.lproj/LaunchScreen.strings; sourceTree = "<group>"; };
		BF68FFE31C0FA84900D08055 /* LookUpViewController.h */ = {isa = PBXFileReference; fileEncoding = 4; lastKnownFileType = sourcecode.c.h; path = LookUpViewController.h; sourceTree = "<group>"; };
		BF68FFE41C0FA84900D08055 /* LookUpViewController.m */ = {isa = PBXFileReference; fileEncoding = 4; lastKnownFileType = sourcecode.c.objc; path = LookUpViewController.m; sourceTree = "<group>"; };
		BF68FFE71C0FCACA00D08055 /* NSObject+CoreDataStack.h */ = {isa = PBXFileReference; fileEncoding = 4; lastKnownFileType = sourcecode.c.h; path = "NSObject+CoreDataStack.h"; sourceTree = "<group>"; };
		BF68FFE81C0FCACA00D08055 /* NSObject+CoreDataStack.m */ = {isa = PBXFileReference; fileEncoding = 4; lastKnownFileType = sourcecode.c.objc; path = "NSObject+CoreDataStack.m"; sourceTree = "<group>"; };
		BF68FFEB1C0FD37100D08055 /* CoreDataStack.h */ = {isa = PBXFileReference; fileEncoding = 4; lastKnownFileType = sourcecode.c.h; path = CoreDataStack.h; sourceTree = "<group>"; };
		BF68FFEC1C0FD37100D08055 /* CoreDataStack.m */ = {isa = PBXFileReference; fileEncoding = 4; lastKnownFileType = sourcecode.c.objc; path = CoreDataStack.m; sourceTree = "<group>"; };
		BF7E826B1C0E497C00FEC139 /* DateViewController.h */ = {isa = PBXFileReference; fileEncoding = 4; lastKnownFileType = sourcecode.c.h; path = DateViewController.h; sourceTree = "<group>"; };
		BF7E826C1C0E497C00FEC139 /* DateViewController.m */ = {isa = PBXFileReference; fileEncoding = 4; lastKnownFileType = sourcecode.c.objc; path = DateViewController.m; sourceTree = "<group>"; };
		BF7E826E1C0E5B9400FEC139 /* AvailabilityViewController.h */ = {isa = PBXFileReference; fileEncoding = 4; lastKnownFileType = sourcecode.c.h; path = AvailabilityViewController.h; sourceTree = "<group>"; };
		BF7E826F1C0E5B9400FEC139 /* AvailabilityViewController.m */ = {isa = PBXFileReference; fileEncoding = 4; lastKnownFileType = sourcecode.c.objc; path = AvailabilityViewController.m; sourceTree = "<group>"; };
		BF7E82711C0E5C7300FEC139 /* BookViewController.h */ = {isa = PBXFileReference; fileEncoding = 4; lastKnownFileType = sourcecode.c.h; path = BookViewController.h; sourceTree = "<group>"; };
		BF7E82721C0E5C7300FEC139 /* BookViewController.m */ = {isa = PBXFileReference; fileEncoding = 4; lastKnownFileType = sourcecode.c.objc; path = BookViewController.m; sourceTree = "<group>"; };
		BF7E827A1C0E66AF00FEC139 /* NSObject+NSmanagedObjectContext_Category.h */ = {isa = PBXFileReference; fileEncoding = 4; lastKnownFileType = sourcecode.c.h; path = "NSObject+NSmanagedObjectContext_Category.h"; sourceTree = "<group>"; };
		BF7E827B1C0E66AF00FEC139 /* NSObject+NSmanagedObjectContext_Category.m */ = {isa = PBXFileReference; fileEncoding = 4; lastKnownFileType = sourcecode.c.objc; path = "NSObject+NSmanagedObjectContext_Category.m"; sourceTree = "<group>"; };
		BFCCBB791C0CF5A3002419AB /* HotelManager.app */ = {isa = PBXFileReference; explicitFileType = wrapper.application; includeInIndex = 0; path = HotelManager.app; sourceTree = BUILT_PRODUCTS_DIR; };
		BFCCBB7D1C0CF5A3002419AB /* main.m */ = {isa = PBXFileReference; lastKnownFileType = sourcecode.c.objc; path = main.m; sourceTree = "<group>"; };
		BFCCBB7F1C0CF5A3002419AB /* AppDelegate.h */ = {isa = PBXFileReference; lastKnownFileType = sourcecode.c.h; path = AppDelegate.h; sourceTree = "<group>"; };
		BFCCBB801C0CF5A3002419AB /* AppDelegate.m */ = {isa = PBXFileReference; lastKnownFileType = sourcecode.c.objc; path = AppDelegate.m; sourceTree = "<group>"; };
		BFCCBB821C0CF5A3002419AB /* ViewController.h */ = {isa = PBXFileReference; lastKnownFileType = sourcecode.c.h; path = ViewController.h; sourceTree = "<group>"; };
		BFCCBB831C0CF5A3002419AB /* ViewController.m */ = {isa = PBXFileReference; lastKnownFileType = sourcecode.c.objc; path = ViewController.m; sourceTree = "<group>"; };
		BFCCBB891C0CF5A3002419AB /* HotelManager.xcdatamodel */ = {isa = PBXFileReference; lastKnownFileType = wrapper.xcdatamodel; path = HotelManager.xcdatamodel; sourceTree = "<group>"; };
		BFCCBB8B1C0CF5A3002419AB /* Assets.xcassets */ = {isa = PBXFileReference; lastKnownFileType = folder.assetcatalog; path = Assets.xcassets; sourceTree = "<group>"; };
		BFCCBB8E1C0CF5A3002419AB /* Base */ = {isa = PBXFileReference; lastKnownFileType = file.storyboard; name = Base; path = Base.lproj/LaunchScreen.storyboard; sourceTree = "<group>"; };
		BFCCBB901C0CF5A3002419AB /* Info.plist */ = {isa = PBXFileReference; lastKnownFileType = text.plist.xml; path = Info.plist; sourceTree = "<group>"; };
		BFCCBB951C0CF5A3002419AB /* HotelManagerTests.xctest */ = {isa = PBXFileReference; explicitFileType = wrapper.cfbundle; includeInIndex = 0; path = HotelManagerTests.xctest; sourceTree = BUILT_PRODUCTS_DIR; };
		BFCCBB991C0CF5A3002419AB /* HotelManagerTests.m */ = {isa = PBXFileReference; lastKnownFileType = sourcecode.c.objc; path = HotelManagerTests.m; sourceTree = "<group>"; };
		BFCCBB9B1C0CF5A3002419AB /* Info.plist */ = {isa = PBXFileReference; lastKnownFileType = text.plist.xml; path = Info.plist; sourceTree = "<group>"; };
		BFCCBBA01C0CF5A3002419AB /* HotelManagerUITests.xctest */ = {isa = PBXFileReference; explicitFileType = wrapper.cfbundle; includeInIndex = 0; path = HotelManagerUITests.xctest; sourceTree = BUILT_PRODUCTS_DIR; };
		BFCCBBA41C0CF5A3002419AB /* HotelManagerUITests.m */ = {isa = PBXFileReference; lastKnownFileType = sourcecode.c.objc; path = HotelManagerUITests.m; sourceTree = "<group>"; };
		BFCCBBA61C0CF5A3002419AB /* Info.plist */ = {isa = PBXFileReference; lastKnownFileType = text.plist.xml; path = Info.plist; sourceTree = "<group>"; };
/* End PBXFileReference section */

/* Begin PBXFrameworksBuildPhase section */
		BFCCBB761C0CF5A3002419AB /* Frameworks */ = {
			isa = PBXFrameworksBuildPhase;
			buildActionMask = 2147483647;
			files = (
			);
			runOnlyForDeploymentPostprocessing = 0;
		};
		BFCCBB921C0CF5A3002419AB /* Frameworks */ = {
			isa = PBXFrameworksBuildPhase;
			buildActionMask = 2147483647;
			files = (
			);
			runOnlyForDeploymentPostprocessing = 0;
		};
		BFCCBB9D1C0CF5A3002419AB /* Frameworks */ = {
			isa = PBXFrameworksBuildPhase;
			buildActionMask = 2147483647;
			files = (
			);
			runOnlyForDeploymentPostprocessing = 0;
		};
/* End PBXFrameworksBuildPhase section */

/* Begin PBXGroup section */
		BF3201F71C0D076D00A3E2B4 /* Entities */ = {
			isa = PBXGroup;
			children = (
				BF3201DF1C0D075700A3E2B4 /* Guest+CoreDataProperties.h */,
				BF3201E01C0D075700A3E2B4 /* Guest+CoreDataProperties.m */,
				BF3201E31C0D075700A3E2B4 /* Hotel+CoreDataProperties.h */,
				BF3201E41C0D075700A3E2B4 /* Hotel+CoreDataProperties.m */,
				BF3201E71C0D075700A3E2B4 /* Room+CoreDataProperties.h */,
				BF3201E81C0D075700A3E2B4 /* Room+CoreDataProperties.m */,
				BF3201EB1C0D075700A3E2B4 /* Reservation+CoreDataProperties.h */,
				BF3201EC1C0D075700A3E2B4 /* Reservation+CoreDataProperties.m */,
			);
			name = Entities;
			sourceTree = "<group>";
		};
		BF3201F81C0D079100A3E2B4 /* Model */ = {
			isa = PBXGroup;
			children = (
				BFCCBB881C0CF5A3002419AB /* HotelManager.xcdatamodeld */,
				BF3201F71C0D076D00A3E2B4 /* Entities */,
				BF3201E11C0D075700A3E2B4 /* Guest.h */,
				BF3201E21C0D075700A3E2B4 /* Guest.m */,
				BF3201E51C0D075700A3E2B4 /* Hotel.h */,
				BF3201E61C0D075700A3E2B4 /* Hotel.m */,
				BF3201E91C0D075700A3E2B4 /* Room.h */,
				BF3201EA1C0D075700A3E2B4 /* Room.m */,
				BF3201ED1C0D075700A3E2B4 /* Reservation.h */,
				BF3201EE1C0D075700A3E2B4 /* Reservation.m */,
			);
			name = Model;
			path = ..;
			sourceTree = "<group>";
		};
		BF3201F91C0D133100A3E2B4 /* Controllers */ = {
			isa = PBXGroup;
			children = (
				BFCCBB821C0CF5A3002419AB /* ViewController.h */,
				BFCCBB831C0CF5A3002419AB /* ViewController.m */,
				BF7E82741C0E63B300FEC139 /* Browse */,
				BF7E82751C0E63DE00FEC139 /* Book */,
				BF68FFE61C0FABBB00D08055 /* LookUp */,
			);
			name = Controllers;
			sourceTree = "<group>";
		};
		BF68FFE61C0FABBB00D08055 /* LookUp */ = {
			isa = PBXGroup;
			children = (
				BF68FFE31C0FA84900D08055 /* LookUpViewController.h */,
				BF68FFE41C0FA84900D08055 /* LookUpViewController.m */,
			);
			name = LookUp;
			sourceTree = "<group>";
		};
		BF68FFEA1C0FCACF00D08055 /* CoreData */ = {
			isa = PBXGroup;
			children = (
				BF68FFE71C0FCACA00D08055 /* NSObject+CoreDataStack.h */,
				BF68FFE81C0FCACA00D08055 /* NSObject+CoreDataStack.m */,
				BF68FFEB1C0FD37100D08055 /* CoreDataStack.h */,
				BF68FFEC1C0FD37100D08055 /* CoreDataStack.m */,
			);
			name = CoreData;
			sourceTree = "<group>";
		};
		BF7E82741C0E63B300FEC139 /* Browse */ = {
			isa = PBXGroup;
			children = (
				BF3201FA1C0D1C5700A3E2B4 /* HotelsViewController.h */,
				BF3201FB1C0D1C5700A3E2B4 /* HotelsViewController.m */,
				BF3201FD1C0D2B2800A3E2B4 /* RoomsViewController.h */,
				BF3201FE1C0D2B2800A3E2B4 /* RoomsViewController.m */,
			);
			name = Browse;
			sourceTree = "<group>";
		};
		BF7E82751C0E63DE00FEC139 /* Book */ = {
			isa = PBXGroup;
			children = (
				BF7E826B1C0E497C00FEC139 /* DateViewController.h */,
				BF7E826C1C0E497C00FEC139 /* DateViewController.m */,
				BF7E826E1C0E5B9400FEC139 /* AvailabilityViewController.h */,
				BF7E826F1C0E5B9400FEC139 /* AvailabilityViewController.m */,
				BF7E82711C0E5C7300FEC139 /* BookViewController.h */,
				BF7E82721C0E5C7300FEC139 /* BookViewController.m */,
			);
			name = Book;
			sourceTree = "<group>";
		};
		BF7E82761C0E65AF00FEC139 /* Categories */ = {
			isa = PBXGroup;
			children = (
				BF7E827A1C0E66AF00FEC139 /* NSObject+NSmanagedObjectContext_Category.h */,
				BF7E827B1C0E66AF00FEC139 /* NSObject+NSmanagedObjectContext_Category.m */,
			);
			name = Categories;
			sourceTree = "<group>";
		};
		BFCCBB701C0CF5A3002419AB = {
			isa = PBXGroup;
			children = (
				BFCCBB7B1C0CF5A3002419AB /* HotelManager */,
				BFCCBB981C0CF5A3002419AB /* HotelManagerTests */,
				BFCCBBA31C0CF5A3002419AB /* HotelManagerUITests */,
				BFCCBB7A1C0CF5A3002419AB /* Products */,
			);
			sourceTree = "<group>";
		};
		BFCCBB7A1C0CF5A3002419AB /* Products */ = {
			isa = PBXGroup;
			children = (
				BFCCBB791C0CF5A3002419AB /* HotelManager.app */,
				BFCCBB951C0CF5A3002419AB /* HotelManagerTests.xctest */,
				BFCCBBA01C0CF5A3002419AB /* HotelManagerUITests.xctest */,
			);
			name = Products;
			sourceTree = "<group>";
		};
		BFCCBB7B1C0CF5A3002419AB /* HotelManager */ = {
			isa = PBXGroup;
			children = (
				BF7E82761C0E65AF00FEC139 /* Categories */,
				BF3201F81C0D079100A3E2B4 /* Model */,
				BFCCBB7F1C0CF5A3002419AB /* AppDelegate.h */,
				BFCCBB801C0CF5A3002419AB /* AppDelegate.m */,
				BF3201F91C0D133100A3E2B4 /* Controllers */,
				BFCCBB8B1C0CF5A3002419AB /* Assets.xcassets */,
				BF3202001C0D37C400A3E2B4 /* hotels.json */,
				BFCCBB8D1C0CF5A3002419AB /* LaunchScreen.storyboard */,
				BFCCBB901C0CF5A3002419AB /* Info.plist */,
				BFCCBB7C1C0CF5A3002419AB /* Supporting Files */,
				BF68FFEA1C0FCACF00D08055 /* CoreData */,
			);
			path = HotelManager;
			sourceTree = "<group>";
		};
		BFCCBB7C1C0CF5A3002419AB /* Supporting Files */ = {
			isa = PBXGroup;
			children = (
				BFCCBB7D1C0CF5A3002419AB /* main.m */,
			);
			name = "Supporting Files";
			sourceTree = "<group>";
		};
		BFCCBB981C0CF5A3002419AB /* HotelManagerTests */ = {
			isa = PBXGroup;
			children = (
				BFCCBB991C0CF5A3002419AB /* HotelManagerTests.m */,
				BFCCBB9B1C0CF5A3002419AB /* Info.plist */,
			);
			path = HotelManagerTests;
			sourceTree = "<group>";
		};
		BFCCBBA31C0CF5A3002419AB /* HotelManagerUITests */ = {
			isa = PBXGroup;
			children = (
				BFCCBBA41C0CF5A3002419AB /* HotelManagerUITests.m */,
				BFCCBBA61C0CF5A3002419AB /* Info.plist */,
			);
			path = HotelManagerUITests;
			sourceTree = "<group>";
		};
/* End PBXGroup section */

/* Begin PBXNativeTarget section */
		BFCCBB781C0CF5A3002419AB /* HotelManager */ = {
			isa = PBXNativeTarget;
			buildConfigurationList = BFCCBBA91C0CF5A3002419AB /* Build configuration list for PBXNativeTarget "HotelManager" */;
			buildPhases = (
				BFCCBB751C0CF5A3002419AB /* Sources */,
				BFCCBB761C0CF5A3002419AB /* Frameworks */,
				BFCCBB771C0CF5A3002419AB /* Resources */,
			);
			buildRules = (
			);
			dependencies = (
			);
			name = HotelManager;
			productName = HotelManager;
			productReference = BFCCBB791C0CF5A3002419AB /* HotelManager.app */;
			productType = "com.apple.product-type.application";
		};
		BFCCBB941C0CF5A3002419AB /* HotelManagerTests */ = {
			isa = PBXNativeTarget;
			buildConfigurationList = BFCCBBAC1C0CF5A3002419AB /* Build configuration list for PBXNativeTarget "HotelManagerTests" */;
			buildPhases = (
				BFCCBB911C0CF5A3002419AB /* Sources */,
				BFCCBB921C0CF5A3002419AB /* Frameworks */,
				BFCCBB931C0CF5A3002419AB /* Resources */,
			);
			buildRules = (
			);
			dependencies = (
				BFCCBB971C0CF5A3002419AB /* PBXTargetDependency */,
			);
			name = HotelManagerTests;
			productName = HotelManagerTests;
			productReference = BFCCBB951C0CF5A3002419AB /* HotelManagerTests.xctest */;
			productType = "com.apple.product-type.bundle.unit-test";
		};
		BFCCBB9F1C0CF5A3002419AB /* HotelManagerUITests */ = {
			isa = PBXNativeTarget;
			buildConfigurationList = BFCCBBAF1C0CF5A3002419AB /* Build configuration list for PBXNativeTarget "HotelManagerUITests" */;
			buildPhases = (
				BFCCBB9C1C0CF5A3002419AB /* Sources */,
				BFCCBB9D1C0CF5A3002419AB /* Frameworks */,
				BFCCBB9E1C0CF5A3002419AB /* Resources */,
			);
			buildRules = (
			);
			dependencies = (
				BFCCBBA21C0CF5A3002419AB /* PBXTargetDependency */,
			);
			name = HotelManagerUITests;
			productName = HotelManagerUITests;
			productReference = BFCCBBA01C0CF5A3002419AB /* HotelManagerUITests.xctest */;
			productType = "com.apple.product-type.bundle.ui-testing";
		};
/* End PBXNativeTarget section */

/* Begin PBXProject section */
		BFCCBB711C0CF5A3002419AB /* Project object */ = {
			isa = PBXProject;
			attributes = {
				LastUpgradeCheck = 0710;
				ORGANIZATIONNAME = "Alberto Vega Gonzalez";
				TargetAttributes = {
					BFCCBB781C0CF5A3002419AB = {
						CreatedOnToolsVersion = 7.1.1;
					};
					BFCCBB941C0CF5A3002419AB = {
						CreatedOnToolsVersion = 7.1.1;
						TestTargetID = BFCCBB781C0CF5A3002419AB;
					};
					BFCCBB9F1C0CF5A3002419AB = {
						CreatedOnToolsVersion = 7.1.1;
						TestTargetID = BFCCBB781C0CF5A3002419AB;
					};
				};
			};
			buildConfigurationList = BFCCBB741C0CF5A3002419AB /* Build configuration list for PBXProject "HotelManager" */;
			compatibilityVersion = "Xcode 3.2";
			developmentRegion = English;
			hasScannedForEncodings = 0;
			knownRegions = (
				en,
				Base,
			);
			mainGroup = BFCCBB701C0CF5A3002419AB;
			productRefGroup = BFCCBB7A1C0CF5A3002419AB /* Products */;
			projectDirPath = "";
			projectRoot = "";
			targets = (
				BFCCBB781C0CF5A3002419AB /* HotelManager */,
				BFCCBB941C0CF5A3002419AB /* HotelManagerTests */,
				BFCCBB9F1C0CF5A3002419AB /* HotelManagerUITests */,
			);
		};
/* End PBXProject section */

/* Begin PBXResourcesBuildPhase section */
		BFCCBB771C0CF5A3002419AB /* Resources */ = {
			isa = PBXResourcesBuildPhase;
			buildActionMask = 2147483647;
			files = (
				BF3202011C0D37C400A3E2B4 /* hotels.json in Resources */,
				BFCCBB8F1C0CF5A3002419AB /* LaunchScreen.storyboard in Resources */,
				BFCCBB8C1C0CF5A3002419AB /* Assets.xcassets in Resources */,
			);
			runOnlyForDeploymentPostprocessing = 0;
		};
		BFCCBB931C0CF5A3002419AB /* Resources */ = {
			isa = PBXResourcesBuildPhase;
			buildActionMask = 2147483647;
			files = (
			);
			runOnlyForDeploymentPostprocessing = 0;
		};
		BFCCBB9E1C0CF5A3002419AB /* Resources */ = {
			isa = PBXResourcesBuildPhase;
			buildActionMask = 2147483647;
			files = (
			);
			runOnlyForDeploymentPostprocessing = 0;
		};
/* End PBXResourcesBuildPhase section */

/* Begin PBXSourcesBuildPhase section */
		BFCCBB751C0CF5A3002419AB /* Sources */ = {
			isa = PBXSourcesBuildPhase;
			buildActionMask = 2147483647;
			files = (
				BF3201F41C0D075700A3E2B4 /* Room.m in Sources */,
				BF7E82701C0E5B9400FEC139 /* AvailabilityViewController.m in Sources */,
				BF68FFED1C0FD37100D08055 /* CoreDataStack.m in Sources */,
				BF3201FC1C0D1C5700A3E2B4 /* HotelsViewController.m in Sources */,
				BF3201F31C0D075700A3E2B4 /* Room+CoreDataProperties.m in Sources */,
				BF3201F01C0D075700A3E2B4 /* Guest.m in Sources */,
				BF3201EF1C0D075700A3E2B4 /* Guest+CoreDataProperties.m in Sources */,
				BF3201F11C0D075700A3E2B4 /* Hotel+CoreDataProperties.m in Sources */,
				BFCCBB8A1C0CF5A3002419AB /* HotelManager.xcdatamodeld in Sources */,
				BF7E826D1C0E497C00FEC139 /* DateViewController.m in Sources */,
				BF3201F61C0D075700A3E2B4 /* Reservation.m in Sources */,
				BF3201F51C0D075700A3E2B4 /* Reservation+CoreDataProperties.m in Sources */,
				BFCCBB841C0CF5A3002419AB /* ViewController.m in Sources */,
				BFCCBB811C0CF5A3002419AB /* AppDelegate.m in Sources */,
				BF3201FF1C0D2B2800A3E2B4 /* RoomsViewController.m in Sources */,
				BF7E827C1C0E66AF00FEC139 /* NSObject+NSmanagedObjectContext_Category.m in Sources */,
				BF68FFE51C0FA84900D08055 /* LookUpViewController.m in Sources */,
				BF3201F21C0D075700A3E2B4 /* Hotel.m in Sources */,
				BFCCBB7E1C0CF5A3002419AB /* main.m in Sources */,
				BF7E82731C0E5C7300FEC139 /* BookViewController.m in Sources */,
				BF68FFE91C0FCACA00D08055 /* NSObject+CoreDataStack.m in Sources */,
			);
			runOnlyForDeploymentPostprocessing = 0;
		};
		BFCCBB911C0CF5A3002419AB /* Sources */ = {
			isa = PBXSourcesBuildPhase;
			buildActionMask = 2147483647;
			files = (
				BFCCBB9A1C0CF5A3002419AB /* HotelManagerTests.m in Sources */,
			);
			runOnlyForDeploymentPostprocessing = 0;
		};
		BFCCBB9C1C0CF5A3002419AB /* Sources */ = {
			isa = PBXSourcesBuildPhase;
			buildActionMask = 2147483647;
			files = (
				BFCCBBA51C0CF5A3002419AB /* HotelManagerUITests.m in Sources */,
			);
			runOnlyForDeploymentPostprocessing = 0;
		};
/* End PBXSourcesBuildPhase section */

/* Begin PBXTargetDependency section */
		BFCCBB971C0CF5A3002419AB /* PBXTargetDependency */ = {
			isa = PBXTargetDependency;
			target = BFCCBB781C0CF5A3002419AB /* HotelManager */;
			targetProxy = BFCCBB961C0CF5A3002419AB /* PBXContainerItemProxy */;
		};
		BFCCBBA21C0CF5A3002419AB /* PBXTargetDependency */ = {
			isa = PBXTargetDependency;
			target = BFCCBB781C0CF5A3002419AB /* HotelManager */;
			targetProxy = BFCCBBA11C0CF5A3002419AB /* PBXContainerItemProxy */;
		};
/* End PBXTargetDependency section */

/* Begin PBXVariantGroup section */
		BFCCBB8D1C0CF5A3002419AB /* LaunchScreen.storyboard */ = {
			isa = PBXVariantGroup;
			children = (
				BFCCBB8E1C0CF5A3002419AB /* Base */,
				BF47CC741C1CE8FB00E4208F /* es */,
				BF47CC751C1CE90900E4208F /* pt-BR */,
				BF47CC761C1CE91D00E4208F /* it */,
			);
			name = LaunchScreen.storyboard;
			sourceTree = "<group>";
		};
/* End PBXVariantGroup section */

/* Begin XCBuildConfiguration section */
		BFCCBBA71C0CF5A3002419AB /* Debug */ = {
			isa = XCBuildConfiguration;
			buildSettings = {
				ALWAYS_SEARCH_USER_PATHS = NO;
				CLANG_CXX_LANGUAGE_STANDARD = "gnu++0x";
				CLANG_CXX_LIBRARY = "libc++";
				CLANG_ENABLE_MODULES = YES;
				CLANG_ENABLE_OBJC_ARC = YES;
				CLANG_WARN_BOOL_CONVERSION = YES;
				CLANG_WARN_CONSTANT_CONVERSION = YES;
				CLANG_WARN_DIRECT_OBJC_ISA_USAGE = YES_ERROR;
				CLANG_WARN_EMPTY_BODY = YES;
				CLANG_WARN_ENUM_CONVERSION = YES;
				CLANG_WARN_INT_CONVERSION = YES;
				CLANG_WARN_OBJC_ROOT_CLASS = YES_ERROR;
				CLANG_WARN_UNREACHABLE_CODE = YES;
				CLANG_WARN__DUPLICATE_METHOD_MATCH = YES;
				"CODE_SIGN_IDENTITY[sdk=iphoneos*]" = "iPhone Developer";
				COPY_PHASE_STRIP = NO;
				DEBUG_INFORMATION_FORMAT = dwarf;
				ENABLE_STRICT_OBJC_MSGSEND = YES;
				ENABLE_TESTABILITY = YES;
				GCC_C_LANGUAGE_STANDARD = gnu99;
				GCC_DYNAMIC_NO_PIC = NO;
				GCC_NO_COMMON_BLOCKS = YES;
				GCC_OPTIMIZATION_LEVEL = 0;
				GCC_PREPROCESSOR_DEFINITIONS = (
					"DEBUG=1",
					"$(inherited)",
				);
				GCC_WARN_64_TO_32_BIT_CONVERSION = YES;
				GCC_WARN_ABOUT_RETURN_TYPE = YES_ERROR;
				GCC_WARN_UNDECLARED_SELECTOR = YES;
				GCC_WARN_UNINITIALIZED_AUTOS = YES_AGGRESSIVE;
				GCC_WARN_UNUSED_FUNCTION = YES;
				GCC_WARN_UNUSED_VARIABLE = YES;
				IPHONEOS_DEPLOYMENT_TARGET = 9.1;
				MTL_ENABLE_DEBUG_INFO = YES;
				ONLY_ACTIVE_ARCH = YES;
				SDKROOT = iphoneos;
				TARGETED_DEVICE_FAMILY = "1,2";
			};
			name = Debug;
		};
		BFCCBBA81C0CF5A3002419AB /* Release */ = {
			isa = XCBuildConfiguration;
			buildSettings = {
				ALWAYS_SEARCH_USER_PATHS = NO;
				CLANG_CXX_LANGUAGE_STANDARD = "gnu++0x";
				CLANG_CXX_LIBRARY = "libc++";
				CLANG_ENABLE_MODULES = YES;
				CLANG_ENABLE_OBJC_ARC = YES;
				CLANG_WARN_BOOL_CONVERSION = YES;
				CLANG_WARN_CONSTANT_CONVERSION = YES;
				CLANG_WARN_DIRECT_OBJC_ISA_USAGE = YES_ERROR;
				CLANG_WARN_EMPTY_BODY = YES;
				CLANG_WARN_ENUM_CONVERSION = YES;
				CLANG_WARN_INT_CONVERSION = YES;
				CLANG_WARN_OBJC_ROOT_CLASS = YES_ERROR;
				CLANG_WARN_UNREACHABLE_CODE = YES;
				CLANG_WARN__DUPLICATE_METHOD_MATCH = YES;
				"CODE_SIGN_IDENTITY[sdk=iphoneos*]" = "iPhone Developer";
				COPY_PHASE_STRIP = NO;
				DEBUG_INFORMATION_FORMAT = "dwarf-with-dsym";
				ENABLE_NS_ASSERTIONS = NO;
				ENABLE_STRICT_OBJC_MSGSEND = YES;
				GCC_C_LANGUAGE_STANDARD = gnu99;
				GCC_NO_COMMON_BLOCKS = YES;
				GCC_WARN_64_TO_32_BIT_CONVERSION = YES;
				GCC_WARN_ABOUT_RETURN_TYPE = YES_ERROR;
				GCC_WARN_UNDECLARED_SELECTOR = YES;
				GCC_WARN_UNINITIALIZED_AUTOS = YES_AGGRESSIVE;
				GCC_WARN_UNUSED_FUNCTION = YES;
				GCC_WARN_UNUSED_VARIABLE = YES;
				IPHONEOS_DEPLOYMENT_TARGET = 9.1;
				MTL_ENABLE_DEBUG_INFO = NO;
				SDKROOT = iphoneos;
				TARGETED_DEVICE_FAMILY = "1,2";
				VALIDATE_PRODUCT = YES;
			};
			name = Release;
		};
		BFCCBBAA1C0CF5A3002419AB /* Debug */ = {
			isa = XCBuildConfiguration;
			buildSettings = {
				ASSETCATALOG_COMPILER_APPICON_NAME = AppIcon;
				INFOPLIST_FILE = HotelManager/Info.plist;
				IPHONEOS_DEPLOYMENT_TARGET = 9.1;
				LD_RUNPATH_SEARCH_PATHS = "$(inherited) @executable_path/Frameworks";
				PRODUCT_BUNDLE_IDENTIFIER = com.example.HotelManager;
				PRODUCT_NAME = "$(TARGET_NAME)";
			};
			name = Debug;
		};
		BFCCBBAB1C0CF5A3002419AB /* Release */ = {
			isa = XCBuildConfiguration;
			buildSettings = {
				ASSETCATALOG_COMPILER_APPICON_NAME = AppIcon;
				INFOPLIST_FILE = HotelManager/Info.plist;
				IPHONEOS_DEPLOYMENT_TARGET = 9.1;
				LD_RUNPATH_SEARCH_PATHS = "$(inherited) @executable_path/Frameworks";
				PRODUCT_BUNDLE_IDENTIFIER = com.example.HotelManager;
				PRODUCT_NAME = "$(TARGET_NAME)";
			};
			name = Release;
		};
		BFCCBBAD1C0CF5A3002419AB /* Debug */ = {
			isa = XCBuildConfiguration;
			buildSettings = {
				BUNDLE_LOADER = "$(TEST_HOST)";
				INFOPLIST_FILE = HotelManagerTests/Info.plist;
				LD_RUNPATH_SEARCH_PATHS = "$(inherited) @executable_path/Frameworks @loader_path/Frameworks";
				PRODUCT_BUNDLE_IDENTIFIER = com.example.HotelManagerTests;
				PRODUCT_NAME = "$(TARGET_NAME)";
				TEST_HOST = "$(BUILT_PRODUCTS_DIR)/HotelManager.app/HotelManager";
			};
			name = Debug;
		};
		BFCCBBAE1C0CF5A3002419AB /* Release */ = {
			isa = XCBuildConfiguration;
			buildSettings = {
				BUNDLE_LOADER = "$(TEST_HOST)";
				INFOPLIST_FILE = HotelManagerTests/Info.plist;
				LD_RUNPATH_SEARCH_PATHS = "$(inherited) @executable_path/Frameworks @loader_path/Frameworks";
				PRODUCT_BUNDLE_IDENTIFIER = com.example.HotelManagerTests;
				PRODUCT_NAME = "$(TARGET_NAME)";
				TEST_HOST = "$(BUILT_PRODUCTS_DIR)/HotelManager.app/HotelManager";
			};
			name = Release;
		};
		BFCCBBB01C0CF5A3002419AB /* Debug */ = {
			isa = XCBuildConfiguration;
			buildSettings = {
				INFOPLIST_FILE = HotelManagerUITests/Info.plist;
				LD_RUNPATH_SEARCH_PATHS = "$(inherited) @executable_path/Frameworks @loader_path/Frameworks";
				PRODUCT_BUNDLE_IDENTIFIER = com.example.HotelManagerUITests;
				PRODUCT_NAME = "$(TARGET_NAME)";
				TEST_TARGET_NAME = HotelManager;
				USES_XCTRUNNER = YES;
			};
			name = Debug;
		};
		BFCCBBB11C0CF5A3002419AB /* Release */ = {
			isa = XCBuildConfiguration;
			buildSettings = {
				INFOPLIST_FILE = HotelManagerUITests/Info.plist;
				LD_RUNPATH_SEARCH_PATHS = "$(inherited) @executable_path/Frameworks @loader_path/Frameworks";
				PRODUCT_BUNDLE_IDENTIFIER = com.example.HotelManagerUITests;
				PRODUCT_NAME = "$(TARGET_NAME)";
				TEST_TARGET_NAME = HotelManager;
				USES_XCTRUNNER = YES;
			};
			name = Release;
		};
/* End XCBuildConfiguration section */

/* Begin XCConfigurationList section */
		BFCCBB741C0CF5A3002419AB /* Build configuration list for PBXProject "HotelManager" */ = {
			isa = XCConfigurationList;
			buildConfigurations = (
				BFCCBBA71C0CF5A3002419AB /* Debug */,
				BFCCBBA81C0CF5A3002419AB /* Release */,
			);
			defaultConfigurationIsVisible = 0;
			defaultConfigurationName = Release;
		};
		BFCCBBA91C0CF5A3002419AB /* Build configuration list for PBXNativeTarget "HotelManager" */ = {
			isa = XCConfigurationList;
			buildConfigurations = (
				BFCCBBAA1C0CF5A3002419AB /* Debug */,
				BFCCBBAB1C0CF5A3002419AB /* Release */,
			);
			defaultConfigurationIsVisible = 0;
			defaultConfigurationName = Release;
		};
		BFCCBBAC1C0CF5A3002419AB /* Build configuration list for PBXNativeTarget "HotelManagerTests" */ = {
			isa = XCConfigurationList;
			buildConfigurations = (
				BFCCBBAD1C0CF5A3002419AB /* Debug */,
				BFCCBBAE1C0CF5A3002419AB /* Release */,
			);
			defaultConfigurationIsVisible = 0;
			defaultConfigurationName = Release;
		};
		BFCCBBAF1C0CF5A3002419AB /* Build configuration list for PBXNativeTarget "HotelManagerUITests" */ = {
			isa = XCConfigurationList;
			buildConfigurations = (
				BFCCBBB01C0CF5A3002419AB /* Debug */,
				BFCCBBB11C0CF5A3002419AB /* Release */,
			);
			defaultConfigurationIsVisible = 0;
			defaultConfigurationName = Release;
		};
/* End XCConfigurationList section */

/* Begin XCVersionGroup section */
		BFCCBB881C0CF5A3002419AB /* HotelManager.xcdatamodeld */ = {
			isa = XCVersionGroup;
			children = (
				BFCCBB891C0CF5A3002419AB /* HotelManager.xcdatamodel */,
			);
			currentVersion = BFCCBB891C0CF5A3002419AB /* HotelManager.xcdatamodel */;
			name = HotelManager.xcdatamodeld;
			path = HotelManager/HotelManager.xcdatamodeld;
			sourceTree = "<group>";
			versionGroupType = wrapper.xcdatamodel;
		};
/* End XCVersionGroup section */
	};
	rootObject = BFCCBB711C0CF5A3002419AB /* Project object */;
}
